
Microsoft Visual Studio Solution File, Format Version 12.00
# Visual Studio Version 17
VisualStudioVersion = 17.0.31919.166
MinimumVisualStudioVersion = 10.0.40219.1
Project("{FAE04EC0-301F-11D3-BF4B-00C04F79EFBC}") = "Polygons", "Polygons\Polygons.csproj", "{30885306-BA65-4216-86CF-BDFBC404CF3B}"
EndProject
Project("{FAE04EC0-301F-11D3-BF4B-00C04F79EFBC}") = "Polygons.Library", "Polygons.Library\Polygons.Library.csproj", "{F85502AE-0696-4F34-9305-4FDA2D25DCA2}"
EndProject
Global
	GlobalSection(SolutionConfigurationPlatforms) = preSolution
		Debug|Any CPU = Debug|Any CPU
		Release|Any CPU = Release|Any CPU
	EndGlobalSection
	GlobalSection(ProjectConfigurationPlatforms) = postSolution
		{30885306-BA65-4216-86CF-BDFBC404CF3B}.Debug|Any CPU.ActiveCfg = Debug|Any CPU
		{30885306-BA65-4216-86CF-BDFBC404CF3B}.Debug|Any CPU.Build.0 = Debug|Any CPU
		{30885306-BA65-4216-86CF-BDFBC404CF3B}.Release|Any CPU.ActiveCfg = Release|Any CPU
		{30885306-BA65-4216-86CF-BDFBC404CF3B}.Release|Any CPU.Build.0 = Release|Any CPU
		{F85502AE-0696-4F34-9305-4FDA2D25DCA2}.Debug|Any CPU.ActiveCfg = Debug|Any CPU
		{F85502AE-0696-4F34-9305-4FDA2D25DCA2}.Debug|Any CPU.Build.0 = Debug|Any CPU
		{F85502AE-0696-4F34-9305-4FDA2D25DCA2}.Release|Any CPU.ActiveCfg = Release|Any CPU
		{F85502AE-0696-4F34-9305-4FDA2D25DCA2}.Release|Any CPU.Build.0 = Release|Any CPU
	EndGlobalSection
	GlobalSection(SolutionProperties) = preSolution
		HideSolutionNode = FALSE
	EndGlobalSection
	GlobalSection(ExtensibilityGlobals) = postSolution
		SolutionGuid = {13022198-A97A-422E-A830-90A5345D0E5F}
	EndGlobalSection
EndGlobal
